
Microsoft Visual Studio Solution File, Format Version 12.00
# Visual Studio Version 17
VisualStudioVersion = 17.4.33213.308
MinimumVisualStudioVersion = 10.0.40219.1
Project("{9A19103F-16F7-4668-BE54-9A1E7A4F7556}") = "DataBasePrint", "DataBasePrint\DataBasePrint.csproj", "{9AF06C02-E611-48C0-83F6-E770132DC337}"
EndProject
Global
	GlobalSection(SolutionConfigurationPlatforms) = preSolution
		Debug|Any CPU = Debug|Any CPU
		Debug|x64 = Debug|x64
		Rel|Any CPU = Rel|Any CPU
		Rel|x64 = Rel|x64
		Release|Any CPU = Release|Any CPU
		Release|x64 = Release|x64
	EndGlobalSection
	GlobalSection(ProjectConfigurationPlatforms) = postSolution
		{9AF06C02-E611-48C0-83F6-E770132DC337}.Debug|Any CPU.ActiveCfg = Debug|Any CPU
		{9AF06C02-E611-48C0-83F6-E770132DC337}.Debug|Any CPU.Build.0 = Debug|Any CPU
		{9AF06C02-E611-48C0-83F6-E770132DC337}.Debug|x64.ActiveCfg = Debug|x64
		{9AF06C02-E611-48C0-83F6-E770132DC337}.Debug|x64.Build.0 = Debug|x64
		{9AF06C02-E611-48C0-83F6-E770132DC337}.Rel|Any CPU.ActiveCfg = Rel|Any CPU
		{9AF06C02-E611-48C0-83F6-E770132DC337}.Rel|Any CPU.Build.0 = Rel|Any CPU
		{9AF06C02-E611-48C0-83F6-E770132DC337}.Rel|x64.ActiveCfg = Rel|x64
		{9AF06C02-E611-48C0-83F6-E770132DC337}.Rel|x64.Build.0 = Rel|x64
		{9AF06C02-E611-48C0-83F6-E770132DC337}.Release|Any CPU.ActiveCfg = Release|Any CPU
		{9AF06C02-E611-48C0-83F6-E770132DC337}.Release|Any CPU.Build.0 = Release|Any CPU
		{9AF06C02-E611-48C0-83F6-E770132DC337}.Release|x64.ActiveCfg = Release|x64
		{9AF06C02-E611-48C0-83F6-E770132DC337}.Release|x64.Build.0 = Release|x64
	EndGlobalSection
	GlobalSection(SolutionProperties) = preSolution
		HideSolutionNode = FALSE
	EndGlobalSection
	GlobalSection(ExtensibilityGlobals) = postSolution
		SolutionGuid = {DD0E726B-AB0F-4CD7-82A2-7B5846895DC9}
	EndGlobalSection
EndGlobal
